{
  "requires": true,
  "lockfileVersion": 1,
  "dependencies": {
    "@abaplint/core": {
      "version": "2.32.8",
      "resolved": "https://registry.npmjs.org/@abaplint/core/-/core-2.32.8.tgz",
      "integrity": "sha512-nqPsxj0RvQoKTGk6w9Djf34uVH2PnA7vKa85tOQyyjGpXl1paCDviY/HbPhohjuGXPXGrq5k08bARe4gambxLA==",
      "requires": {
        "vscode-languageserver-types": "^3.15.1",
        "xml-js": "^1.6.11"
      }
    },
    "sax": {
      "version": "1.2.4",
      "resolved": "https://registry.npmjs.org/sax/-/sax-1.2.4.tgz",
      "integrity": "sha512-NqVDv9TpANUjFm0N8uM5GxL36UgKi9/atZw+x7YFnQ8ckwFGKrl4xX4yWtrey3UJm5nP1kUbnYgLopqWNSRhWw=="
    },
    "vscode-jsonrpc": {
      "version": "5.0.1",
      "resolved": "https://registry.npmjs.org/vscode-jsonrpc/-/vscode-jsonrpc-5.0.1.tgz",
      "integrity": "sha512-JvONPptw3GAQGXlVV2utDcHx0BiY34FupW/kI6mZ5x06ER5DdPG/tXWMVHjTNULF5uKPOUUD0SaXg5QaubJL0A=="
    },
    "vscode-languageserver": {
      "version": "6.1.1",
      "resolved": "https://registry.npmjs.org/vscode-languageserver/-/vscode-languageserver-6.1.1.tgz",
      "integrity": "sha512-DueEpkUAkD5XTR4MLYNr6bQIp/UFR0/IPApgXU3YfCBCB08u2sm9hRCs6DxYZELkk++STPjpcjksR2H8qI3cDQ==",
      "requires": {
        "vscode-languageserver-protocol": "^3.15.3"
      }
    },
    "vscode-languageserver-protocol": {
      "version": "3.15.3",
      "resolved": "https://registry.npmjs.org/vscode-languageserver-protocol/-/vscode-languageserver-protocol-3.15.3.tgz",
      "integrity": "sha512-zrMuwHOAQRhjDSnflWdJG+O2ztMWss8GqUUB8dXLR/FPenwkiBNkMIJJYfSN6sgskvsF0rHAoBowNQfbyZnnvw==",
      "requires": {
        "vscode-jsonrpc": "^5.0.1",
        "vscode-languageserver-types": "3.15.1"
      }
    },
    "vscode-languageserver-textdocument": {
      "version": "1.0.1",
      "resolved": "https://registry.npmjs.org/vscode-languageserver-textdocument/-/vscode-languageserver-textdocument-1.0.1.tgz",
      "integrity": "sha512-UIcJDjX7IFkck7cSkNNyzIz5FyvpQfY7sdzVy+wkKN/BLaD4DQ0ppXQrKePomCxTS7RrolK1I0pey0bG9eh8dA=="
    },
    "vscode-languageserver-types": {
      "version": "3.15.1",
      "resolved": "https://registry.npmjs.org/vscode-languageserver-types/-/vscode-languageserver-types-3.15.1.tgz",
      "integrity": "sha512-+a9MPUQrNGRrGU630OGbYVQ+11iOIovjCkqxajPa9w57Sd5ruK8WQNsslzpa0x/QJqC8kRc2DUxWjIFwoNm4ZQ=="
    },
    "vscode-uri": {
      "version": "2.1.1",
      "resolved": "https://registry.npmjs.org/vscode-uri/-/vscode-uri-2.1.1.tgz",
      "integrity": "sha512-eY9jmGoEnVf8VE8xr5znSah7Qt1P/xsCdErz+g8HYZtJ7bZqKH5E3d+6oVNm1AC/c6IHUDokbmVXKOi4qPAC9A=="
    },
    "xml-js": {
      "version": "1.6.11",
      "resolved": "https://registry.npmjs.org/xml-js/-/xml-js-1.6.11.tgz",
      "integrity": "sha512-7rVi2KMfwfWFl+GpPg6m80IVMWXLRjO+PxTq7V2CDhoGak0wzYzFgUY2m4XJ47OGdXd8eLE8EmwfAmdjw7lC1g==",
      "requires": {
        "sax": "^1.2.4"
      }
    }
  }
}
